
Microsoft Visual Studio Solution File, Format Version 12.00
# Visual Studio Version 17
VisualStudioVersion = 17.1.32210.238
MinimumVisualStudioVersion = 10.0.40219.1
Project("{FAE04EC0-301F-11D3-BF4B-00C04F79EFBC}") = "tugas99999", "tugas99999\tugas99999.csproj", "{B89D9B29-6FA0-4C59-BE6B-3DF876B7612F}"
EndProject
Global
	GlobalSection(SolutionConfigurationPlatforms) = preSolution
		Debug|Any CPU = Debug|Any CPU
		Release|Any CPU = Release|Any CPU
	EndGlobalSection
	GlobalSection(ProjectConfigurationPlatforms) = postSolution
		{B89D9B29-6FA0-4C59-BE6B-3DF876B7612F}.Debug|Any CPU.ActiveCfg = Debug|Any CPU
		{B89D9B29-6FA0-4C59-BE6B-3DF876B7612F}.Debug|Any CPU.Build.0 = Debug|Any CPU
		{B89D9B29-6FA0-4C59-BE6B-3DF876B7612F}.Release|Any CPU.ActiveCfg = Release|Any CPU
		{B89D9B29-6FA0-4C59-BE6B-3DF876B7612F}.Release|Any CPU.Build.0 = Release|Any CPU
	EndGlobalSection
	GlobalSection(SolutionProperties) = preSolution
		HideSolutionNode = FALSE
	EndGlobalSection
	GlobalSection(ExtensibilityGlobals) = postSolution
		SolutionGuid = {5ADFD693-892A-4A7F-8126-1CAD764D9F23}
	EndGlobalSection
EndGlobal
